{
  "name": "wordpress-manager",
  "version": "1.0.0",
  "lockfileVersion": 2,
  "requires": true,
  "packages": {
    "": {
      "name": "wordpress-manager",
      "version": "1.0.0",
      "license": "ISC",
      "dependencies": {
        "datatables.net": "^1.13.4",
        "datatables.net-buttons-dt": "^2.3.6",
        "datatables.net-dt": "^1.13.4",
        "datatables.net-searchpanes-dt": "^2.1.2",
        "jquery": "^3.6.4"
      }
    },
    "node_modules/datatables.net": {
      "version": "1.13.4",
      "resolved": "https://registry.npmjs.org/datatables.net/-/datatables.net-1.13.4.tgz",
      "integrity": "sha512-yzhArTOB6tPO2QFKm1z3hA4vabtt2hRvgw8XLsT1xqEirinfGYqWDiWXlkTPTaJv2e7gG+Kf985sXkzBFlGrGQ==",
      "dependencies": {
        "jquery": ">=1.7"
      }
    },
    "node_modules/datatables.net-buttons": {
      "version": "2.3.6",
      "resolved": "https://registry.npmjs.org/datatables.net-buttons/-/datatables.net-buttons-2.3.6.tgz",
      "integrity": "sha512-9eid5D2kbTNfGCOiEx5WBHlwfK38W1LMz0AiNZHoSqKAiO0aXGfzrH7L2eY6reHgVMaPvHPAnqeRAjvOul2V/Q==",
      "dependencies": {
        "datatables.net": ">=1.12.1",
        "jquery": ">=1.7"
      }
    },
    "node_modules/datatables.net-buttons-dt": {
      "version": "2.3.6",
      "resolved": "https://registry.npmjs.org/datatables.net-buttons-dt/-/datatables.net-buttons-dt-2.3.6.tgz",
      "integrity": "sha512-SF91mQCPePbjp/Tct2TWlwywaEH/qjdYQf71f7puHBXPre2vvJhy4aJhoyJMfgIOkEzS7Duw6anlBSUC26JqhQ==",
      "dependencies": {
        "datatables.net-buttons": ">=2.2.3",
        "datatables.net-dt": ">=1.12.1",
        "jquery": ">=1.7"
      }
    },
    "node_modules/datatables.net-dt": {
      "version": "1.13.4",
      "resolved": "https://registry.npmjs.org/datatables.net-dt/-/datatables.net-dt-1.13.4.tgz",
      "integrity": "sha512-QAvuEej/qKSiaSmSeDQ36wWO72XzFGKkd0jdiqbp+2FHAAzIk+ffsqQAwylystMoBSiO0zlcdaqHoAPa5Dy7Pg==",
      "dependencies": {
        "datatables.net": ">=1.12.1",
        "jquery": ">=1.7"
      }
    },
    "node_modules/datatables.net-searchpanes": {
      "version": "2.1.2",
      "resolved": "https://registry.npmjs.org/datatables.net-searchpanes/-/datatables.net-searchpanes-2.1.2.tgz",
      "integrity": "sha512-gt0rNw6hlJVMLz9j7qoI5o8bMlxEpSA6jAfQ36clhe8Y9Ajbu/no78rrW3AJ2v8K1FkDG1r6S3g/B9KiClEAsQ==",
      "dependencies": {
        "datatables.net": ">=1.12.1",
        "jquery": ">=1.7"
      }
    },
    "node_modules/datatables.net-searchpanes-dt": {
      "version": "2.1.2",
      "resolved": "https://registry.npmjs.org/datatables.net-searchpanes-dt/-/datatables.net-searchpanes-dt-2.1.2.tgz",
      "integrity": "sha512-m0FlhlxMg5+6OybSLqw3mpalzw9ZRCrvR3MwfyOl358siIeobbytIm/AU7d289BPnC9NluXAB/nhReYhYdJFWg==",
      "dependencies": {
        "datatables.net-dt": ">=1.12.1",
        "datatables.net-searchpanes": ">=2.0.2",
        "jquery": ">=1.7"
      }
    },
    "node_modules/jquery": {
      "version": "3.6.4",
      "resolved": "https://registry.npmjs.org/jquery/-/jquery-3.6.4.tgz",
      "integrity": "sha512-v28EW9DWDFpzcD9O5iyJXg3R3+q+mET5JhnjJzQUZMHOv67bpSIHq81GEYpPNZHG+XXHsfSme3nxp/hndKEcsQ=="
    }
  },
  "dependencies": {
    "datatables.net": {
      "version": "1.13.4",
      "resolved": "https://registry.npmjs.org/datatables.net/-/datatables.net-1.13.4.tgz",
      "integrity": "sha512-yzhArTOB6tPO2QFKm1z3hA4vabtt2hRvgw8XLsT1xqEirinfGYqWDiWXlkTPTaJv2e7gG+Kf985sXkzBFlGrGQ==",
      "requires": {
        "jquery": ">=1.7"
      }
    },
    "datatables.net-buttons": {
      "version": "2.3.6",
      "resolved": "https://registry.npmjs.org/datatables.net-buttons/-/datatables.net-buttons-2.3.6.tgz",
      "integrity": "sha512-9eid5D2kbTNfGCOiEx5WBHlwfK38W1LMz0AiNZHoSqKAiO0aXGfzrH7L2eY6reHgVMaPvHPAnqeRAjvOul2V/Q==",
      "requires": {
        "datatables.net": ">=1.12.1",
        "jquery": ">=1.7"
      }
    },
    "datatables.net-buttons-dt": {
      "version": "2.3.6",
      "resolved": "https://registry.npmjs.org/datatables.net-buttons-dt/-/datatables.net-buttons-dt-2.3.6.tgz",
      "integrity": "sha512-SF91mQCPePbjp/Tct2TWlwywaEH/qjdYQf71f7puHBXPre2vvJhy4aJhoyJMfgIOkEzS7Duw6anlBSUC26JqhQ==",
      "requires": {
        "datatables.net-buttons": ">=2.2.3",
        "datatables.net-dt": ">=1.12.1",
        "jquery": ">=1.7"
      }
    },
    "datatables.net-dt": {
      "version": "1.13.4",
      "resolved": "https://registry.npmjs.org/datatables.net-dt/-/datatables.net-dt-1.13.4.tgz",
      "integrity": "sha512-QAvuEej/qKSiaSmSeDQ36wWO72XzFGKkd0jdiqbp+2FHAAzIk+ffsqQAwylystMoBSiO0zlcdaqHoAPa5Dy7Pg==",
      "requires": {
        "datatables.net": ">=1.12.1",
        "jquery": ">=1.7"
      }
    },
    "datatables.net-searchpanes": {
      "version": "2.1.2",
      "resolved": "https://registry.npmjs.org/datatables.net-searchpanes/-/datatables.net-searchpanes-2.1.2.tgz",
      "integrity": "sha512-gt0rNw6hlJVMLz9j7qoI5o8bMlxEpSA6jAfQ36clhe8Y9Ajbu/no78rrW3AJ2v8K1FkDG1r6S3g/B9KiClEAsQ==",
      "requires": {
        "datatables.net": ">=1.12.1",
        "jquery": ">=1.7"
      }
    },
    "datatables.net-searchpanes-dt": {
      "version": "2.1.2",
      "resolved": "https://registry.npmjs.org/datatables.net-searchpanes-dt/-/datatables.net-searchpanes-dt-2.1.2.tgz",
      "integrity": "sha512-m0FlhlxMg5+6OybSLqw3mpalzw9ZRCrvR3MwfyOl358siIeobbytIm/AU7d289BPnC9NluXAB/nhReYhYdJFWg==",
      "requires": {
        "datatables.net-dt": ">=1.12.1",
        "datatables.net-searchpanes": ">=2.0.2",
        "jquery": ">=1.7"
      }
    },
    "jquery": {
      "version": "3.6.4",
      "resolved": "https://registry.npmjs.org/jquery/-/jquery-3.6.4.tgz",
      "integrity": "sha512-v28EW9DWDFpzcD9O5iyJXg3R3+q+mET5JhnjJzQUZMHOv67bpSIHq81GEYpPNZHG+XXHsfSme3nxp/hndKEcsQ=="
    }
  }
}
